// !$*UTF8*$!
{
	archiveVersion = 1;
	classes = {
	};
	objectVersion = 55;
	objects = {

/* Begin PBXBuildFile section */
		B57CCBEB79E680375317C8B8 /* Pods_BussTicketApp.framework in Frameworks */ = {isa = PBXBuildFile; fileRef = 16258820F22FA100022867C9 /* Pods_BussTicketApp.framework */; settings = {ATTRIBUTES = (Required, ); }; };
		C602095F27B86D6D00AD6BDF /* HomeScreenViewController.swift in Sources */ = {isa = PBXBuildFile; fileRef = C602095E27B86D6D00AD6BDF /* HomeScreenViewController.swift */; };
		C61F8AA327C192F600DDD11D /* userInfo.swift in Sources */ = {isa = PBXBuildFile; fileRef = C61F8AA227C192F600DDD11D /* userInfo.swift */; };
		C61F8AA527C1A5E800DDD11D /* Date+Extension.swift in Sources */ = {isa = PBXBuildFile; fileRef = C61F8AA427C1A5E800DDD11D /* Date+Extension.swift */; };
		C61F8AA727C1A60900DDD11D /* UITextField+Extension.swift in Sources */ = {isa = PBXBuildFile; fileRef = C61F8AA627C1A60900DDD11D /* UITextField+Extension.swift */; };
		C632B66F27BFD497006D5B31 /* travelInfo.swift in Sources */ = {isa = PBXBuildFile; fileRef = C632B66E27BFD497006D5B31 /* travelInfo.swift */; };
		C632B67227C09291006D5B31 /* Notification+Extension.swift in Sources */ = {isa = PBXBuildFile; fileRef = C632B67127C09291006D5B31 /* Notification+Extension.swift */; };
		C632B67527C09BA9006D5B31 /* BusScreenUsersViewCell.swift in Sources */ = {isa = PBXBuildFile; fileRef = C632B67327C09BA9006D5B31 /* BusScreenUsersViewCell.swift */; };
		C632B67627C09BA9006D5B31 /* BusScreenUsersViewCell.xib in Resources */ = {isa = PBXBuildFile; fileRef = C632B67427C09BA9006D5B31 /* BusScreenUsersViewCell.xib */; };
		C633430027C46B90007DA80E /* iOSDropDown.framework in Frameworks */ = {isa = PBXBuildFile; fileRef = C63342FF27C46B90007DA80E /* iOSDropDown.framework */; };
		C633430227C46DCF007DA80E /* cityData.swift in Sources */ = {isa = PBXBuildFile; fileRef = C633430127C46DCF007DA80E /* cityData.swift */; };
		C65AA1FC27B92E6600C0CE62 /* Ticket.swift in Sources */ = {isa = PBXBuildFile; fileRef = C65AA1FB27B92E6600C0CE62 /* Ticket.swift */; };
		C65AA1FE27B92E7100C0CE62 /* Passanger.swift in Sources */ = {isa = PBXBuildFile; fileRef = C65AA1FD27B92E7100C0CE62 /* Passanger.swift */; };
		C65AA20027B92E7C00C0CE62 /* Date.swift in Sources */ = {isa = PBXBuildFile; fileRef = C65AA1FF27B92E7C00C0CE62 /* Date.swift */; };
		C65AA20227B92E8B00C0CE62 /* Hour.swift in Sources */ = {isa = PBXBuildFile; fileRef = C65AA20127B92E8B00C0CE62 /* Hour.swift */; };
		C668E89C27C30A0400D3E10F /* TicketTableViewCell.swift in Sources */ = {isa = PBXBuildFile; fileRef = C668E89A27C30A0400D3E10F /* TicketTableViewCell.swift */; };
		C668E89D27C30A0400D3E10F /* TicketTableViewCell.xib in Resources */ = {isa = PBXBuildFile; fileRef = C668E89B27C30A0400D3E10F /* TicketTableViewCell.xib */; };
		C668E89F27C30E4100D3E10F /* TicketsViewController.swift in Sources */ = {isa = PBXBuildFile; fileRef = C668E89E27C30E4100D3E10F /* TicketsViewController.swift */; };
		C668E8A127C3492100D3E10F /* ticketInfo.swift in Sources */ = {isa = PBXBuildFile; fileRef = C668E8A027C3492100D3E10F /* ticketInfo.swift */; };
		C687000127B6B26000FA6623 /* SceneDelegate.swift in Sources */ = {isa = PBXBuildFile; fileRef = C687000027B6B26000FA6623 /* SceneDelegate.swift */; };
		C687000327B6B26000FA6623 /* ViewController.swift in Sources */ = {isa = PBXBuildFile; fileRef = C687000227B6B26000FA6623 /* ViewController.swift */; };
		C687000627B6B26000FA6623 /* Main.storyboard in Resources */ = {isa = PBXBuildFile; fileRef = C687000427B6B26000FA6623 /* Main.storyboard */; };
		C687000927B6B26000FA6623 /* BussTicketApp.xcdatamodeld in Sources */ = {isa = PBXBuildFile; fileRef = C687000727B6B26000FA6623 /* BussTicketApp.xcdatamodeld */; };
		C687000B27B6B26200FA6623 /* Assets.xcassets in Resources */ = {isa = PBXBuildFile; fileRef = C687000A27B6B26200FA6623 /* Assets.xcassets */; };
		C687001827B6D9FC00FA6623 /* OnboardingCollectionViewCell.swift in Sources */ = {isa = PBXBuildFile; fileRef = C687001727B6D9FC00FA6623 /* OnboardingCollectionViewCell.swift */; };
		C687001A27B6DA5300FA6623 /* OnboardingPagesModel.swift in Sources */ = {isa = PBXBuildFile; fileRef = C687001927B6DA5300FA6623 /* OnboardingPagesModel.swift */; };
		C687FFFF27B6B26000FA6623 /* AppDelegate.swift in Sources */ = {isa = PBXBuildFile; fileRef = C687FFFE27B6B26000FA6623 /* AppDelegate.swift */; };
		C697CB8227B9702500442A2A /* TravelListViewController.swift in Sources */ = {isa = PBXBuildFile; fileRef = C697CB8027B9702500442A2A /* TravelListViewController.swift */; };
		C697CB8A27B9924700442A2A /* destinationInfo.swift in Sources */ = {isa = PBXBuildFile; fileRef = C697CB8927B9924700442A2A /* destinationInfo.swift */; };
		C697CB9127B9DDB200442A2A /* TravelTableViewCell.swift in Sources */ = {isa = PBXBuildFile; fileRef = C697CB8F27B9DDB200442A2A /* TravelTableViewCell.swift */; };
		C697CB9227B9DDB200442A2A /* TravelTableViewCell.xib in Resources */ = {isa = PBXBuildFile; fileRef = C697CB9027B9DDB200442A2A /* TravelTableViewCell.xib */; };
		C6FED6C127BBEDA300916158 /* BusScreenViewController.swift in Sources */ = {isa = PBXBuildFile; fileRef = C6FED6C027BBEDA300916158 /* BusScreenViewController.swift */; };
		C6FED6C427BC02F500916158 /* SeatConfig.swift in Sources */ = {isa = PBXBuildFile; fileRef = C6FED6C327BC02F500916158 /* SeatConfig.swift */; };
		C6FED6C627BC03CA00916158 /* SeatDataManager.swift in Sources */ = {isa = PBXBuildFile; fileRef = C6FED6C527BC03CA00916158 /* SeatDataManager.swift */; };
		C6FED6C827BC041D00916158 /* MockSeatCreater.swift in Sources */ = {isa = PBXBuildFile; fileRef = C6FED6C727BC041D00916158 /* MockSeatCreater.swift */; };
/* End PBXBuildFile section */

/* Begin PBXFileReference section */
		16258820F22FA100022867C9 /* Pods_BussTicketApp.framework */ = {isa = PBXFileReference; explicitFileType = wrapper.framework; includeInIndex = 0; path = Pods_BussTicketApp.framework; sourceTree = BUILT_PRODUCTS_DIR; };
		7A4D06DA2147DAC863FA1C71 /* Pods-BussTicketApp.debug.xcconfig */ = {isa = PBXFileReference; includeInIndex = 1; lastKnownFileType = text.xcconfig; name = "Pods-BussTicketApp.debug.xcconfig"; path = "Target Support Files/Pods-BussTicketApp/Pods-BussTicketApp.debug.xcconfig"; sourceTree = "<group>"; };
		BBE26A85B39A422507868C36 /* Pods-BussTicketApp.release.xcconfig */ = {isa = PBXFileReference; includeInIndex = 1; lastKnownFileType = text.xcconfig; name = "Pods-BussTicketApp.release.xcconfig"; path = "Target Support Files/Pods-BussTicketApp/Pods-BussTicketApp.release.xcconfig"; sourceTree = "<group>"; };
		C602095E27B86D6D00AD6BDF /* HomeScreenViewController.swift */ = {isa = PBXFileReference; lastKnownFileType = sourcecode.swift; path = HomeScreenViewController.swift; sourceTree = "<group>"; };
		C61F8AA227C192F600DDD11D /* userInfo.swift */ = {isa = PBXFileReference; lastKnownFileType = sourcecode.swift; path = userInfo.swift; sourceTree = "<group>"; };
		C61F8AA427C1A5E800DDD11D /* Date+Extension.swift */ = {isa = PBXFileReference; lastKnownFileType = sourcecode.swift; path = "Date+Extension.swift"; sourceTree = "<group>"; };
		C61F8AA627C1A60900DDD11D /* UITextField+Extension.swift */ = {isa = PBXFileReference; lastKnownFileType = sourcecode.swift; path = "UITextField+Extension.swift"; sourceTree = "<group>"; };
		C632B66E27BFD497006D5B31 /* travelInfo.swift */ = {isa = PBXFileReference; lastKnownFileType = sourcecode.swift; path = travelInfo.swift; sourceTree = "<group>"; };
		C632B67127C09291006D5B31 /* Notification+Extension.swift */ = {isa = PBXFileReference; lastKnownFileType = sourcecode.swift; path = "Notification+Extension.swift"; sourceTree = "<group>"; };
		C632B67327C09BA9006D5B31 /* BusScreenUsersViewCell.swift */ = {isa = PBXFileReference; lastKnownFileType = sourcecode.swift; path = BusScreenUsersViewCell.swift; sourceTree = "<group>"; };
		C632B67427C09BA9006D5B31 /* BusScreenUsersViewCell.xib */ = {isa = PBXFileReference; lastKnownFileType = file.xib; path = BusScreenUsersViewCell.xib; sourceTree = "<group>"; };
		C63342FF27C46B90007DA80E /* iOSDropDown.framework */ = {isa = PBXFileReference; explicitFileType = wrapper.framework; path = iOSDropDown.framework; sourceTree = BUILT_PRODUCTS_DIR; };
		C633430127C46DCF007DA80E /* cityData.swift */ = {isa = PBXFileReference; lastKnownFileType = sourcecode.swift; path = cityData.swift; sourceTree = "<group>"; };
		C65AA1FB27B92E6600C0CE62 /* Ticket.swift */ = {isa = PBXFileReference; lastKnownFileType = sourcecode.swift; path = Ticket.swift; sourceTree = "<group>"; };
		C65AA1FD27B92E7100C0CE62 /* Passanger.swift */ = {isa = PBXFileReference; lastKnownFileType = sourcecode.swift; path = Passanger.swift; sourceTree = "<group>"; };
		C65AA1FF27B92E7C00C0CE62 /* Date.swift */ = {isa = PBXFileReference; lastKnownFileType = sourcecode.swift; path = Date.swift; sourceTree = "<group>"; };
		C65AA20127B92E8B00C0CE62 /* Hour.swift */ = {isa = PBXFileReference; lastKnownFileType = sourcecode.swift; path = Hour.swift; sourceTree = "<group>"; };
		C668E89A27C30A0400D3E10F /* TicketTableViewCell.swift */ = {isa = PBXFileReference; lastKnownFileType = sourcecode.swift; path = TicketTableViewCell.swift; sourceTree = "<group>"; };
		C668E89B27C30A0400D3E10F /* TicketTableViewCell.xib */ = {isa = PBXFileReference; lastKnownFileType = file.xib; path = TicketTableViewCell.xib; sourceTree = "<group>"; };
		C668E89E27C30E4100D3E10F /* TicketsViewController.swift */ = {isa = PBXFileReference; lastKnownFileType = sourcecode.swift; path = TicketsViewController.swift; sourceTree = "<group>"; };
		C668E8A027C3492100D3E10F /* ticketInfo.swift */ = {isa = PBXFileReference; lastKnownFileType = sourcecode.swift; path = ticketInfo.swift; sourceTree = "<group>"; };
		C687000027B6B26000FA6623 /* SceneDelegate.swift */ = {isa = PBXFileReference; lastKnownFileType = sourcecode.swift; path = SceneDelegate.swift; sourceTree = "<group>"; };
		C687000227B6B26000FA6623 /* ViewController.swift */ = {isa = PBXFileReference; lastKnownFileType = sourcecode.swift; path = ViewController.swift; sourceTree = "<group>"; };
		C687000527B6B26000FA6623 /* Base */ = {isa = PBXFileReference; lastKnownFileType = file.storyboard; name = Base; path = Base.lproj/Main.storyboard; sourceTree = "<group>"; };
		C687000827B6B26000FA6623 /* BussTicketApp.xcdatamodel */ = {isa = PBXFileReference; lastKnownFileType = wrapper.xcdatamodel; path = BussTicketApp.xcdatamodel; sourceTree = "<group>"; };
		C687000A27B6B26200FA6623 /* Assets.xcassets */ = {isa = PBXFileReference; lastKnownFileType = folder.assetcatalog; path = Assets.xcassets; sourceTree = "<group>"; };
		C687000D27B6B26200FA6623 /* Base */ = {isa = PBXFileReference; lastKnownFileType = file.storyboard; name = Base; path = Base.lproj/LaunchScreen.storyboard; sourceTree = "<group>"; };
		C687000F27B6B26200FA6623 /* Info.plist */ = {isa = PBXFileReference; lastKnownFileType = text.plist.xml; path = Info.plist; sourceTree = "<group>"; };
		C687001727B6D9FC00FA6623 /* OnboardingCollectionViewCell.swift */ = {isa = PBXFileReference; lastKnownFileType = sourcecode.swift; path = OnboardingCollectionViewCell.swift; sourceTree = "<group>"; };
		C687001927B6DA5300FA6623 /* OnboardingPagesModel.swift */ = {isa = PBXFileReference; lastKnownFileType = sourcecode.swift; path = OnboardingPagesModel.swift; sourceTree = "<group>"; };
		C687FFFB27B6B26000FA6623 /* BussTicketApp.app */ = {isa = PBXFileReference; explicitFileType = wrapper.application; includeInIndex = 0; path = BussTicketApp.app; sourceTree = BUILT_PRODUCTS_DIR; };
		C687FFFE27B6B26000FA6623 /* AppDelegate.swift */ = {isa = PBXFileReference; lastKnownFileType = sourcecode.swift; path = AppDelegate.swift; sourceTree = "<group>"; };
		C697CB8027B9702500442A2A /* TravelListViewController.swift */ = {isa = PBXFileReference; lastKnownFileType = sourcecode.swift; path = TravelListViewController.swift; sourceTree = "<group>"; };
		C697CB8927B9924700442A2A /* destinationInfo.swift */ = {isa = PBXFileReference; lastKnownFileType = sourcecode.swift; path = destinationInfo.swift; sourceTree = "<group>"; };
		C697CB8F27B9DDB200442A2A /* TravelTableViewCell.swift */ = {isa = PBXFileReference; lastKnownFileType = sourcecode.swift; path = TravelTableViewCell.swift; sourceTree = "<group>"; };
		C697CB9027B9DDB200442A2A /* TravelTableViewCell.xib */ = {isa = PBXFileReference; lastKnownFileType = file.xib; path = TravelTableViewCell.xib; sourceTree = "<group>"; };
		C6FED6C027BBEDA300916158 /* BusScreenViewController.swift */ = {isa = PBXFileReference; lastKnownFileType = sourcecode.swift; path = BusScreenViewController.swift; sourceTree = "<group>"; };
		C6FED6C327BC02F500916158 /* SeatConfig.swift */ = {isa = PBXFileReference; lastKnownFileType = sourcecode.swift; path = SeatConfig.swift; sourceTree = "<group>"; };
		C6FED6C527BC03CA00916158 /* SeatDataManager.swift */ = {isa = PBXFileReference; lastKnownFileType = sourcecode.swift; path = SeatDataManager.swift; sourceTree = "<group>"; };
		C6FED6C727BC041D00916158 /* MockSeatCreater.swift */ = {isa = PBXFileReference; lastKnownFileType = sourcecode.swift; path = MockSeatCreater.swift; sourceTree = "<group>"; };
/* End PBXFileReference section */

/* Begin PBXFrameworksBuildPhase section */
		C687FFF827B6B26000FA6623 /* Frameworks */ = {
			isa = PBXFrameworksBuildPhase;
			buildActionMask = 2147483647;
			files = (
				C633430027C46B90007DA80E /* iOSDropDown.framework in Frameworks */,
				B57CCBEB79E680375317C8B8 /* Pods_BussTicketApp.framework in Frameworks */,
			);
			runOnlyForDeploymentPostprocessing = 0;
		};
/* End PBXFrameworksBuildPhase section */

/* Begin PBXGroup section */
		49EC82563B0A5E85C5AA38E3 /* Pods */ = {
			isa = PBXGroup;
			children = (
				7A4D06DA2147DAC863FA1C71 /* Pods-BussTicketApp.debug.xcconfig */,
				BBE26A85B39A422507868C36 /* Pods-BussTicketApp.release.xcconfig */,
			);
			path = Pods;
			sourceTree = "<group>";
		};
		C602095D27B86D3700AD6BDF /* ViewControllers */ = {
			isa = PBXGroup;
			children = (
				C687000227B6B26000FA6623 /* ViewController.swift */,
				C602095E27B86D6D00AD6BDF /* HomeScreenViewController.swift */,
				C697CB8027B9702500442A2A /* TravelListViewController.swift */,
				C6FED6C027BBEDA300916158 /* BusScreenViewController.swift */,
				C668E89E27C30E4100D3E10F /* TicketsViewController.swift */,
			);
			path = ViewControllers;
			sourceTree = "<group>";
		};
		C632B67027C0926A006D5B31 /* Extensions */ = {
			isa = PBXGroup;
			children = (
				C632B67127C09291006D5B31 /* Notification+Extension.swift */,
				C61F8AA427C1A5E800DDD11D /* Date+Extension.swift */,
				C61F8AA627C1A60900DDD11D /* UITextField+Extension.swift */,
			);
			path = Extensions;
			sourceTree = "<group>";
		};
		C65AA20327B92E9000C0CE62 /* Classes */ = {
			isa = PBXGroup;
			children = (
				C65AA1FB27B92E6600C0CE62 /* Ticket.swift */,
				C65AA1FD27B92E7100C0CE62 /* Passanger.swift */,
				C65AA1FF27B92E7C00C0CE62 /* Date.swift */,
				C65AA20127B92E8B00C0CE62 /* Hour.swift */,
			);
			path = Classes;
			sourceTree = "<group>";
		};
		C687001627B6D9E200FA6623 /* Cells */ = {
			isa = PBXGroup;
			children = (
				C687001727B6D9FC00FA6623 /* OnboardingCollectionViewCell.swift */,
				C697CB8F27B9DDB200442A2A /* TravelTableViewCell.swift */,
				C697CB9027B9DDB200442A2A /* TravelTableViewCell.xib */,
				C632B67327C09BA9006D5B31 /* BusScreenUsersViewCell.swift */,
				C632B67427C09BA9006D5B31 /* BusScreenUsersViewCell.xib */,
				C668E89A27C30A0400D3E10F /* TicketTableViewCell.swift */,
				C668E89B27C30A0400D3E10F /* TicketTableViewCell.xib */,
			);
			path = Cells;
			sourceTree = "<group>";
		};
		C687FFF227B6B26000FA6623 = {
			isa = PBXGroup;
			children = (
				C687FFFD27B6B26000FA6623 /* BussTicketApp */,
				C687FFFC27B6B26000FA6623 /* Products */,
				49EC82563B0A5E85C5AA38E3 /* Pods */,
				EEEA88CD37FA534F14D8E86F /* Frameworks */,
			);
			sourceTree = "<group>";
		};
		C687FFFC27B6B26000FA6623 /* Products */ = {
			isa = PBXGroup;
			children = (
				C687FFFB27B6B26000FA6623 /* BussTicketApp.app */,
			);
			name = Products;
			sourceTree = "<group>";
		};
		C687FFFD27B6B26000FA6623 /* BussTicketApp */ = {
			isa = PBXGroup;
			children = (
				C632B67027C0926A006D5B31 /* Extensions */,
				C6FED6C227BC029F00916158 /* BusSeatFiles */,
				C697CB8827B9923500442A2A /* Model */,
				C687001627B6D9E200FA6623 /* Cells */,
				C65AA20327B92E9000C0CE62 /* Classes */,
				C602095D27B86D3700AD6BDF /* ViewControllers */,
				C687FFFE27B6B26000FA6623 /* AppDelegate.swift */,
				C687000027B6B26000FA6623 /* SceneDelegate.swift */,
				C687000427B6B26000FA6623 /* Main.storyboard */,
				C687000A27B6B26200FA6623 /* Assets.xcassets */,
				C687000C27B6B26200FA6623 /* LaunchScreen.storyboard */,
				C687000F27B6B26200FA6623 /* Info.plist */,
				C687000727B6B26000FA6623 /* BussTicketApp.xcdatamodeld */,
			);
			path = BussTicketApp;
			sourceTree = "<group>";
		};
		C697CB8827B9923500442A2A /* Model */ = {
			isa = PBXGroup;
			children = (
				C697CB8927B9924700442A2A /* destinationInfo.swift */,
				C632B66E27BFD497006D5B31 /* travelInfo.swift */,
				C61F8AA227C192F600DDD11D /* userInfo.swift */,
				C687001927B6DA5300FA6623 /* OnboardingPagesModel.swift */,
				C668E8A027C3492100D3E10F /* ticketInfo.swift */,
				C633430127C46DCF007DA80E /* cityData.swift */,
			);
			path = Model;
			sourceTree = "<group>";
		};
		C6FED6C227BC029F00916158 /* BusSeatFiles */ = {
			isa = PBXGroup;
			children = (
				C6FED6C327BC02F500916158 /* SeatConfig.swift */,
				C6FED6C527BC03CA00916158 /* SeatDataManager.swift */,
				C6FED6C727BC041D00916158 /* MockSeatCreater.swift */,
			);
			path = BusSeatFiles;
			sourceTree = "<group>";
		};
		EEEA88CD37FA534F14D8E86F /* Frameworks */ = {
			isa = PBXGroup;
			children = (
				C63342FF27C46B90007DA80E /* iOSDropDown.framework */,
				16258820F22FA100022867C9 /* Pods_BussTicketApp.framework */,
			);
			name = Frameworks;
			sourceTree = "<group>";
		};
/* End PBXGroup section */

/* Begin PBXNativeTarget section */
		C687FFFA27B6B26000FA6623 /* BussTicketApp */ = {
			isa = PBXNativeTarget;
			buildConfigurationList = C687001227B6B26200FA6623 /* Build configuration list for PBXNativeTarget "BussTicketApp" */;
			buildPhases = (
				61D02FFECE68C026B830AEBE /* [CP] Check Pods Manifest.lock */,
				C687FFF727B6B26000FA6623 /* Sources */,
				C687FFF827B6B26000FA6623 /* Frameworks */,
				C687FFF927B6B26000FA6623 /* Resources */,
				1766AF6846D16F99780D34F8 /* [CP] Embed Pods Frameworks */,
			);
			buildRules = (
			);
			dependencies = (
			);
			name = BussTicketApp;
			productName = BussTicketApp;
			productReference = C687FFFB27B6B26000FA6623 /* BussTicketApp.app */;
			productType = "com.apple.product-type.application";
		};
/* End PBXNativeTarget section */

/* Begin PBXProject section */
		C687FFF327B6B26000FA6623 /* Project object */ = {
			isa = PBXProject;
			attributes = {
				BuildIndependentTargetsInParallel = 1;
				LastSwiftUpdateCheck = 1320;
				LastUpgradeCheck = 1320;
				TargetAttributes = {
					C687FFFA27B6B26000FA6623 = {
						CreatedOnToolsVersion = 13.2.1;
					};
				};
			};
			buildConfigurationList = C687FFF627B6B26000FA6623 /* Build configuration list for PBXProject "BussTicketApp" */;
			compatibilityVersion = "Xcode 13.0";
			developmentRegion = en;
			hasScannedForEncodings = 0;
			knownRegions = (
				en,
				Base,
			);
			mainGroup = C687FFF227B6B26000FA6623;
			productRefGroup = C687FFFC27B6B26000FA6623 /* Products */;
			projectDirPath = "";
			projectRoot = "";
			targets = (
				C687FFFA27B6B26000FA6623 /* BussTicketApp */,
			);
		};
/* End PBXProject section */

/* Begin PBXResourcesBuildPhase section */
		C687FFF927B6B26000FA6623 /* Resources */ = {
			isa = PBXResourcesBuildPhase;
			buildActionMask = 2147483647;
			files = (
				C687000B27B6B26200FA6623 /* Assets.xcassets in Resources */,
				C697CB9227B9DDB200442A2A /* TravelTableViewCell.xib in Resources */,
				C668E89D27C30A0400D3E10F /* TicketTableViewCell.xib in Resources */,
				C632B67627C09BA9006D5B31 /* BusScreenUsersViewCell.xib in Resources */,
				C687000627B6B26000FA6623 /* Main.storyboard in Resources */,
			);
			runOnlyForDeploymentPostprocessing = 0;
		};
/* End PBXResourcesBuildPhase section */

/* Begin PBXShellScriptBuildPhase section */
		1766AF6846D16F99780D34F8 /* [CP] Embed Pods Frameworks */ = {
			isa = PBXShellScriptBuildPhase;
			buildActionMask = 2147483647;
			files = (
			);
			inputFileListPaths = (
				"${PODS_ROOT}/Target Support Files/Pods-BussTicketApp/Pods-BussTicketApp-frameworks-${CONFIGURATION}-input-files.xcfilelist",
			);
			name = "[CP] Embed Pods Frameworks";
			outputFileListPaths = (
				"${PODS_ROOT}/Target Support Files/Pods-BussTicketApp/Pods-BussTicketApp-frameworks-${CONFIGURATION}-output-files.xcfilelist",
			);
			runOnlyForDeploymentPostprocessing = 0;
			shellPath = /bin/sh;
			shellScript = "\"${PODS_ROOT}/Target Support Files/Pods-BussTicketApp/Pods-BussTicketApp-frameworks.sh\"\n";
			showEnvVarsInLog = 0;
		};
		61D02FFECE68C026B830AEBE /* [CP] Check Pods Manifest.lock */ = {
			isa = PBXShellScriptBuildPhase;
			buildActionMask = 2147483647;
			files = (
			);
			inputFileListPaths = (
			);
			inputPaths = (
				"${PODS_PODFILE_DIR_PATH}/Podfile.lock",
				"${PODS_ROOT}/Manifest.lock",
			);
			name = "[CP] Check Pods Manifest.lock";
			outputFileListPaths = (
			);
			outputPaths = (
				"$(DERIVED_FILE_DIR)/Pods-BussTicketApp-checkManifestLockResult.txt",
			);
			runOnlyForDeploymentPostprocessing = 0;
			shellPath = /bin/sh;
			shellScript = "diff \"${PODS_PODFILE_DIR_PATH}/Podfile.lock\" \"${PODS_ROOT}/Manifest.lock\" > /dev/null\nif [ $? != 0 ] ; then\n    # print error to STDERR\n    echo \"error: The sandbox is not in sync with the Podfile.lock. Run 'pod install' or update your CocoaPods installation.\" >&2\n    exit 1\nfi\n# This output is used by Xcode 'outputs' to avoid re-running this script phase.\necho \"SUCCESS\" > \"${SCRIPT_OUTPUT_FILE_0}\"\n";
			showEnvVarsInLog = 0;
		};
/* End PBXShellScriptBuildPhase section */

/* Begin PBXSourcesBuildPhase section */
		C687FFF727B6B26000FA6623 /* Sources */ = {
			isa = PBXSourcesBuildPhase;
			buildActionMask = 2147483647;
			files = (
				C61F8AA327C192F600DDD11D /* userInfo.swift in Sources */,
				C687000927B6B26000FA6623 /* BussTicketApp.xcdatamodeld in Sources */,
				C668E89C27C30A0400D3E10F /* TicketTableViewCell.swift in Sources */,
				C65AA20027B92E7C00C0CE62 /* Date.swift in Sources */,
				C687000327B6B26000FA6623 /* ViewController.swift in Sources */,
				C632B67527C09BA9006D5B31 /* BusScreenUsersViewCell.swift in Sources */,
				C65AA1FE27B92E7100C0CE62 /* Passanger.swift in Sources */,
				C61F8AA527C1A5E800DDD11D /* Date+Extension.swift in Sources */,
				C697CB9127B9DDB200442A2A /* TravelTableViewCell.swift in Sources */,
				C697CB8A27B9924700442A2A /* destinationInfo.swift in Sources */,
				C687001827B6D9FC00FA6623 /* OnboardingCollectionViewCell.swift in Sources */,
				C6FED6C127BBEDA300916158 /* BusScreenViewController.swift in Sources */,
				C668E89F27C30E4100D3E10F /* TicketsViewController.swift in Sources */,
				C65AA1FC27B92E6600C0CE62 /* Ticket.swift in Sources */,
				C6FED6C827BC041D00916158 /* MockSeatCreater.swift in Sources */,
				C632B66F27BFD497006D5B31 /* travelInfo.swift in Sources */,
				C633430227C46DCF007DA80E /* cityData.swift in Sources */,
				C697CB8227B9702500442A2A /* TravelListViewController.swift in Sources */,
				C687001A27B6DA5300FA6623 /* OnboardingPagesModel.swift in Sources */,
				C687FFFF27B6B26000FA6623 /* AppDelegate.swift in Sources */,
				C687000127B6B26000FA6623 /* SceneDelegate.swift in Sources */,
				C6FED6C627BC03CA00916158 /* SeatDataManager.swift in Sources */,
				C602095F27B86D6D00AD6BDF /* HomeScreenViewController.swift in Sources */,
				C6FED6C427BC02F500916158 /* SeatConfig.swift in Sources */,
				C61F8AA727C1A60900DDD11D /* UITextField+Extension.swift in Sources */,
				C668E8A127C3492100D3E10F /* ticketInfo.swift in Sources */,
				C632B67227C09291006D5B31 /* Notification+Extension.swift in Sources */,
				C65AA20227B92E8B00C0CE62 /* Hour.swift in Sources */,
			);
			runOnlyForDeploymentPostprocessing = 0;
		};
/* End PBXSourcesBuildPhase section */

/* Begin PBXVariantGroup section */
		C687000427B6B26000FA6623 /* Main.storyboard */ = {
			isa = PBXVariantGroup;
			children = (
				C687000527B6B26000FA6623 /* Base */,
			);
			name = Main.storyboard;
			sourceTree = "<group>";
		};
		C687000C27B6B26200FA6623 /* LaunchScreen.storyboard */ = {
			isa = PBXVariantGroup;
			children = (
				C687000D27B6B26200FA6623 /* Base */,
			);
			name = LaunchScreen.storyboard;
			sourceTree = "<group>";
		};
/* End PBXVariantGroup section */

/* Begin XCBuildConfiguration section */
		C687001027B6B26200FA6623 /* Debug */ = {
			isa = XCBuildConfiguration;
			buildSettings = {
				ALWAYS_SEARCH_USER_PATHS = NO;
				CLANG_ANALYZER_NONNULL = YES;
				CLANG_ANALYZER_NUMBER_OBJECT_CONVERSION = YES_AGGRESSIVE;
				CLANG_CXX_LANGUAGE_STANDARD = "gnu++17";
				CLANG_CXX_LIBRARY = "libc++";
				CLANG_ENABLE_MODULES = YES;
				CLANG_ENABLE_OBJC_ARC = YES;
				CLANG_ENABLE_OBJC_WEAK = YES;
				CLANG_WARN_BLOCK_CAPTURE_AUTORELEASING = YES;
				CLANG_WARN_BOOL_CONVERSION = YES;
				CLANG_WARN_COMMA = YES;
				CLANG_WARN_CONSTANT_CONVERSION = YES;
				CLANG_WARN_DEPRECATED_OBJC_IMPLEMENTATIONS = YES;
				CLANG_WARN_DIRECT_OBJC_ISA_USAGE = YES_ERROR;
				CLANG_WARN_DOCUMENTATION_COMMENTS = YES;
				CLANG_WARN_EMPTY_BODY = YES;
				CLANG_WARN_ENUM_CONVERSION = YES;
				CLANG_WARN_INFINITE_RECURSION = YES;
				CLANG_WARN_INT_CONVERSION = YES;
				CLANG_WARN_NON_LITERAL_NULL_CONVERSION = YES;
				CLANG_WARN_OBJC_IMPLICIT_RETAIN_SELF = YES;
				CLANG_WARN_OBJC_LITERAL_CONVERSION = YES;
				CLANG_WARN_OBJC_ROOT_CLASS = YES_ERROR;
				CLANG_WARN_QUOTED_INCLUDE_IN_FRAMEWORK_HEADER = YES;
				CLANG_WARN_RANGE_LOOP_ANALYSIS = YES;
				CLANG_WARN_STRICT_PROTOTYPES = YES;
				CLANG_WARN_SUSPICIOUS_MOVE = YES;
				CLANG_WARN_UNGUARDED_AVAILABILITY = YES_AGGRESSIVE;
				CLANG_WARN_UNREACHABLE_CODE = YES;
				CLANG_WARN__DUPLICATE_METHOD_MATCH = YES;
				COPY_PHASE_STRIP = NO;
				DEBUG_INFORMATION_FORMAT = dwarf;
				ENABLE_STRICT_OBJC_MSGSEND = YES;
				ENABLE_TESTABILITY = YES;
				GCC_C_LANGUAGE_STANDARD = gnu11;
				GCC_DYNAMIC_NO_PIC = NO;
				GCC_NO_COMMON_BLOCKS = YES;
				GCC_OPTIMIZATION_LEVEL = 0;
				GCC_PREPROCESSOR_DEFINITIONS = (
					"DEBUG=1",
					"$(inherited)",
				);
				GCC_WARN_64_TO_32_BIT_CONVERSION = YES;
				GCC_WARN_ABOUT_RETURN_TYPE = YES_ERROR;
				GCC_WARN_UNDECLARED_SELECTOR = YES;
				GCC_WARN_UNINITIALIZED_AUTOS = YES_AGGRESSIVE;
				GCC_WARN_UNUSED_FUNCTION = YES;
				GCC_WARN_UNUSED_VARIABLE = YES;
				IPHONEOS_DEPLOYMENT_TARGET = 15.2;
				MTL_ENABLE_DEBUG_INFO = INCLUDE_SOURCE;
				MTL_FAST_MATH = YES;
				ONLY_ACTIVE_ARCH = YES;
				SDKROOT = iphoneos;
				SWIFT_ACTIVE_COMPILATION_CONDITIONS = DEBUG;
				SWIFT_OPTIMIZATION_LEVEL = "-Onone";
			};
			name = Debug;
		};
		C687001127B6B26200FA6623 /* Release */ = {
			isa = XCBuildConfiguration;
			buildSettings = {
				ALWAYS_SEARCH_USER_PATHS = NO;
				CLANG_ANALYZER_NONNULL = YES;
				CLANG_ANALYZER_NUMBER_OBJECT_CONVERSION = YES_AGGRESSIVE;
				CLANG_CXX_LANGUAGE_STANDARD = "gnu++17";
				CLANG_CXX_LIBRARY = "libc++";
				CLANG_ENABLE_MODULES = YES;
				CLANG_ENABLE_OBJC_ARC = YES;
				CLANG_ENABLE_OBJC_WEAK = YES;
				CLANG_WARN_BLOCK_CAPTURE_AUTORELEASING = YES;
				CLANG_WARN_BOOL_CONVERSION = YES;
				CLANG_WARN_COMMA = YES;
				CLANG_WARN_CONSTANT_CONVERSION = YES;
				CLANG_WARN_DEPRECATED_OBJC_IMPLEMENTATIONS = YES;
				CLANG_WARN_DIRECT_OBJC_ISA_USAGE = YES_ERROR;
				CLANG_WARN_DOCUMENTATION_COMMENTS = YES;
				CLANG_WARN_EMPTY_BODY = YES;
				CLANG_WARN_ENUM_CONVERSION = YES;
				CLANG_WARN_INFINITE_RECURSION = YES;
				CLANG_WARN_INT_CONVERSION = YES;
				CLANG_WARN_NON_LITERAL_NULL_CONVERSION = YES;
				CLANG_WARN_OBJC_IMPLICIT_RETAIN_SELF = YES;
				CLANG_WARN_OBJC_LITERAL_CONVERSION = YES;
				CLANG_WARN_OBJC_ROOT_CLASS = YES_ERROR;
				CLANG_WARN_QUOTED_INCLUDE_IN_FRAMEWORK_HEADER = YES;
				CLANG_WARN_RANGE_LOOP_ANALYSIS = YES;
				CLANG_WARN_STRICT_PROTOTYPES = YES;
				CLANG_WARN_SUSPICIOUS_MOVE = YES;
				CLANG_WARN_UNGUARDED_AVAILABILITY = YES_AGGRESSIVE;
				CLANG_WARN_UNREACHABLE_CODE = YES;
				CLANG_WARN__DUPLICATE_METHOD_MATCH = YES;
				COPY_PHASE_STRIP = NO;
				DEBUG_INFORMATION_FORMAT = "dwarf-with-dsym";
				ENABLE_NS_ASSERTIONS = NO;
				ENABLE_STRICT_OBJC_MSGSEND = YES;
				GCC_C_LANGUAGE_STANDARD = gnu11;
				GCC_NO_COMMON_BLOCKS = YES;
				GCC_WARN_64_TO_32_BIT_CONVERSION = YES;
				GCC_WARN_ABOUT_RETURN_TYPE = YES_ERROR;
				GCC_WARN_UNDECLARED_SELECTOR = YES;
				GCC_WARN_UNINITIALIZED_AUTOS = YES_AGGRESSIVE;
				GCC_WARN_UNUSED_FUNCTION = YES;
				GCC_WARN_UNUSED_VARIABLE = YES;
				IPHONEOS_DEPLOYMENT_TARGET = 15.2;
				MTL_ENABLE_DEBUG_INFO = NO;
				MTL_FAST_MATH = YES;
				SDKROOT = iphoneos;
				SWIFT_COMPILATION_MODE = wholemodule;
				SWIFT_OPTIMIZATION_LEVEL = "-O";
				VALIDATE_PRODUCT = YES;
			};
			name = Release;
		};
		C687001327B6B26200FA6623 /* Debug */ = {
			isa = XCBuildConfiguration;
			baseConfigurationReference = 7A4D06DA2147DAC863FA1C71 /* Pods-BussTicketApp.debug.xcconfig */;
			buildSettings = {
				ASSETCATALOG_COMPILER_APPICON_NAME = AppIcon;
				ASSETCATALOG_COMPILER_GLOBAL_ACCENT_COLOR_NAME = AccentColor;
				CODE_SIGN_STYLE = Automatic;
				CURRENT_PROJECT_VERSION = 1;
				GENERATE_INFOPLIST_FILE = YES;
				INFOPLIST_FILE = BussTicketApp/Info.plist;
				INFOPLIST_KEY_UIApplicationSupportsIndirectInputEvents = YES;
				INFOPLIST_KEY_UILaunchStoryboardName = LaunchScreen;
				INFOPLIST_KEY_UIMainStoryboardFile = Main;
				INFOPLIST_KEY_UISupportedInterfaceOrientations_iPad = "UIInterfaceOrientationPortrait UIInterfaceOrientationPortraitUpsideDown UIInterfaceOrientationLandscapeLeft UIInterfaceOrientationLandscapeRight";
				INFOPLIST_KEY_UISupportedInterfaceOrientations_iPhone = "UIInterfaceOrientationPortrait UIInterfaceOrientationLandscapeLeft UIInterfaceOrientationLandscapeRight";
				LD_RUNPATH_SEARCH_PATHS = (
					"$(inherited)",
					"@executable_path/Frameworks",
				);
				MARKETING_VERSION = 1.0;
				PRODUCT_BUNDLE_IDENTIFIER = TurkcellSwiftBootcamp.BussTicketApp;
				PRODUCT_NAME = "$(TARGET_NAME)";
				SWIFT_EMIT_LOC_STRINGS = YES;
				SWIFT_VERSION = 5.0;
				TARGETED_DEVICE_FAMILY = "1,2";
			};
			name = Debug;
		};
		C687001427B6B26200FA6623 /* Release */ = {
			isa = XCBuildConfiguration;
			baseConfigurationReference = BBE26A85B39A422507868C36 /* Pods-BussTicketApp.release.xcconfig */;
			buildSettings = {
				ASSETCATALOG_COMPILER_APPICON_NAME = AppIcon;
				ASSETCATALOG_COMPILER_GLOBAL_ACCENT_COLOR_NAME = AccentColor;
				CODE_SIGN_STYLE = Automatic;
				CURRENT_PROJECT_VERSION = 1;
				GENERATE_INFOPLIST_FILE = YES;
				INFOPLIST_FILE = BussTicketApp/Info.plist;
				INFOPLIST_KEY_UIApplicationSupportsIndirectInputEvents = YES;
				INFOPLIST_KEY_UILaunchStoryboardName = LaunchScreen;
				INFOPLIST_KEY_UIMainStoryboardFile = Main;
				INFOPLIST_KEY_UISupportedInterfaceOrientations_iPad = "UIInterfaceOrientationPortrait UIInterfaceOrientationPortraitUpsideDown UIInterfaceOrientationLandscapeLeft UIInterfaceOrientationLandscapeRight";
				INFOPLIST_KEY_UISupportedInterfaceOrientations_iPhone = "UIInterfaceOrientationPortrait UIInterfaceOrientationLandscapeLeft UIInterfaceOrientationLandscapeRight";
				LD_RUNPATH_SEARCH_PATHS = (
					"$(inherited)",
					"@executable_path/Frameworks",
				);
				MARKETING_VERSION = 1.0;
				PRODUCT_BUNDLE_IDENTIFIER = TurkcellSwiftBootcamp.BussTicketApp;
				PRODUCT_NAME = "$(TARGET_NAME)";
				SWIFT_EMIT_LOC_STRINGS = YES;
				SWIFT_VERSION = 5.0;
				TARGETED_DEVICE_FAMILY = "1,2";
			};
			name = Release;
		};
/* End XCBuildConfiguration section */

/* Begin XCConfigurationList section */
		C687001227B6B26200FA6623 /* Build configuration list for PBXNativeTarget "BussTicketApp" */ = {
			isa = XCConfigurationList;
			buildConfigurations = (
				C687001327B6B26200FA6623 /* Debug */,
				C687001427B6B26200FA6623 /* Release */,
			);
			defaultConfigurationIsVisible = 0;
			defaultConfigurationName = Release;
		};
		C687FFF627B6B26000FA6623 /* Build configuration list for PBXProject "BussTicketApp" */ = {
			isa = XCConfigurationList;
			buildConfigurations = (
				C687001027B6B26200FA6623 /* Debug */,
				C687001127B6B26200FA6623 /* Release */,
			);
			defaultConfigurationIsVisible = 0;
			defaultConfigurationName = Release;
		};
/* End XCConfigurationList section */

/* Begin XCVersionGroup section */
		C687000727B6B26000FA6623 /* BussTicketApp.xcdatamodeld */ = {
			isa = XCVersionGroup;
			children = (
				C687000827B6B26000FA6623 /* BussTicketApp.xcdatamodel */,
			);
			currentVersion = C687000827B6B26000FA6623 /* BussTicketApp.xcdatamodel */;
			path = BussTicketApp.xcdatamodeld;
			sourceTree = "<group>";
			versionGroupType = wrapper.xcdatamodel;
		};
/* End XCVersionGroup section */
	};
	rootObject = C687FFF327B6B26000FA6623 /* Project object */;
}
